Microsoft Visual Studio Solution File, Format Version 12.00
# Visual Studio Version 17
VisualStudioVersion = 17.5.2.0
MinimumVisualStudioVersion = 10.0.40219.1
Project("{FAE04EC0-301F-11D3-BF4B-00C04F79EFBC}") = "_build", "build\_build.csproj", "{4056BD12-5FA8-4D2E-274A-7E85E858A5FC}"
EndProject
Project("{FAE04EC0-301F-11D3-BF4B-00C04F79EFBC}") = "SnapX.Avalonia", "SnapX.Avalonia\SnapX.Avalonia.csproj", "{464607C8-7ADE-BD86-D885-BEDCB609B334}"
EndProject
Project("{FAE04EC0-301F-11D3-BF4B-00C04F79EFBC}") = "SnapX.CLI", "SnapX.CLI\SnapX.CLI.csproj", "{53B8DD80-39BF-276E-DFBA-5C7B8D3FBFD5}"
EndProject
Project("{FAE04EC0-301F-11D3-BF4B-00C04F79EFBC}") = "SnapX.CommonUI", "SnapX.CommonUI\SnapX.CommonUI.csproj", "{713B79E9-1226-1D2A-E588-CC5F191C2ADF}"
EndProject
Project("{FAE04EC0-301F-11D3-BF4B-00C04F79EFBC}") = "SnapX.Core", "SnapX.Core\SnapX.Core.csproj", "{481A15AE-AAB6-4CE7-5F61-FCBDA59543D1}"
EndProject
Project("{FAE04EC0-301F-11D3-BF4B-00C04F79EFBC}") = "SnapX.NativeMessagingHost", "SnapX.NativeMessagingHost\SnapX.NativeMessagingHost.csproj", "{4E438FEA-E05C-41F2-33A7-894CB18B2481}"
EndProject
Global
	GlobalSection(SolutionConfigurationPlatforms) = preSolution
		Debug|Any CPU = Debug|Any CPU
		Release|Any CPU = Release|Any CPU
	EndGlobalSection
	GlobalSection(ProjectConfigurationPlatforms) = postSolution
		{464607C8-7ADE-BD86-D885-BEDCB609B334}.Debug|Any CPU.ActiveCfg = Debug|Any CPU
		{464607C8-7ADE-BD86-D885-BEDCB609B334}.Debug|Any CPU.Build.0 = Debug|Any CPU
		{464607C8-7ADE-BD86-D885-BEDCB609B334}.Release|Any CPU.ActiveCfg = Release|Any CPU
		{464607C8-7ADE-BD86-D885-BEDCB609B334}.Release|Any CPU.Build.0 = Release|Any CPU
		{53B8DD80-39BF-276E-DFBA-5C7B8D3FBFD5}.Debug|Any CPU.ActiveCfg = Debug|Any CPU
		{53B8DD80-39BF-276E-DFBA-5C7B8D3FBFD5}.Debug|Any CPU.Build.0 = Debug|Any CPU
		{53B8DD80-39BF-276E-DFBA-5C7B8D3FBFD5}.Release|Any CPU.ActiveCfg = Release|Any CPU
		{53B8DD80-39BF-276E-DFBA-5C7B8D3FBFD5}.Release|Any CPU.Build.0 = Release|Any CPU
		{713B79E9-1226-1D2A-E588-CC5F191C2ADF}.Debug|Any CPU.ActiveCfg = Debug|Any CPU
		{713B79E9-1226-1D2A-E588-CC5F191C2ADF}.Debug|Any CPU.Build.0 = Debug|Any CPU
		{713B79E9-1226-1D2A-E588-CC5F191C2ADF}.Release|Any CPU.ActiveCfg = Release|Any CPU
		{713B79E9-1226-1D2A-E588-CC5F191C2ADF}.Release|Any CPU.Build.0 = Release|Any CPU
		{481A15AE-AAB6-4CE7-5F61-FCBDA59543D1}.Debug|Any CPU.ActiveCfg = Debug|Any CPU
		{481A15AE-AAB6-4CE7-5F61-FCBDA59543D1}.Debug|Any CPU.Build.0 = Debug|Any CPU
		{481A15AE-AAB6-4CE7-5F61-FCBDA59543D1}.Release|Any CPU.ActiveCfg = Release|Any CPU
		{481A15AE-AAB6-4CE7-5F61-FCBDA59543D1}.Release|Any CPU.Build.0 = Release|Any CPU
		{4E438FEA-E05C-41F2-33A7-894CB18B2481}.Debug|Any CPU.ActiveCfg = Debug|Any CPU
		{4E438FEA-E05C-41F2-33A7-894CB18B2481}.Debug|Any CPU.Build.0 = Debug|Any CPU
		{4E438FEA-E05C-41F2-33A7-894CB18B2481}.Release|Any CPU.ActiveCfg = Release|Any CPU
		{4E438FEA-E05C-41F2-33A7-894CB18B2481}.Release|Any CPU.Build.0 = Release|Any CPU
	EndGlobalSection
	GlobalSection(SolutionProperties) = preSolution
		HideSolutionNode = FALSE
	EndGlobalSection
	GlobalSection(ExtensibilityGlobals) = postSolution
		SolutionGuid = {B2926A5B-EDC2-460D-A67D-79BFD959A9B6}
	EndGlobalSection
EndGlobal
