
Microsoft Visual Studio Solution File, Format Version 12.00
# Visual Studio Version 17
VisualStudioVersion = 17.0.32112.339
MinimumVisualStudioVersion = 10.0.40219.1
Project("{2150E333-8FDC-42A3-9474-1A3956D46DE8}") = "Solution Items", "Solution Items", "{515655AC-4716-420E-BBA9-318680DBF355}"
	ProjectSection(SolutionItems) = preProject
		.editorconfig = .editorconfig
		Directory.Build.props = Directory.Build.props
	EndProjectSection
EndProject
Project("{FAE04EC0-301F-11D3-BF4B-00C04F79EFBC}") = "SnapX.Core", "SnapX.Core\SnapX.Core.csproj", "{9C0D2877-B8F3-4D84-BD4C-E89173EBDD96}"
EndProject
Project("{FAE04EC0-301F-11D3-BF4B-00C04F79EFBC}") = "SnapX.CommonUI", "SnapX.CommonUI\SnapX.CommonUI.csproj", "{74428450-9146-4434-B34F-D9D3213D7B0E}"
EndProject
Project("{FAE04EC0-301F-11D3-BF4B-00C04F79EFBC}") = "SnapX.Avalonia", "SnapX.Avalonia\SnapX.Avalonia.csproj", "{89525D3B-F639-4C0B-8CFF-F55A0C52D344}"
EndProject
Project("{FAE04EC0-301F-11D3-BF4B-00C04F79EFBC}") = "SnapX.CLI", "SnapX.CLI\SnapX.CLI.csproj", "{3AAB8CC5-156D-4738-93D3-625BAA9D2ABD}"
EndProject
Project("{9A19103F-16F7-4668-BE54-9A1E7A4F7556}") = "SnapX.NativeMessagingHost", "SnapX.NativeMessagingHost\SnapX.NativeMessagingHost.csproj", "{254E398D-F7F5-4B2A-9024-5C121EA6C564}"
EndProject
Project("{9A19103F-16F7-4668-BE54-9A1E7A4F7556}") = "build", "build\build.csproj", "{96432C2D-0F1D-4B69-97CB-9F54C1873C1E}"
EndProject
Global
	GlobalSection(SolutionConfigurationPlatforms) = preSolution
		Debug|Any CPU = Debug|Any CPU
		Debug|x64 = Debug|x64
		Debug|x86 = Debug|x86
		Release|Any CPU = Release|Any CPU
		Release|x64 = Release|x64
		Release|x86 = Release|x86
	EndGlobalSection
	GlobalSection(ProjectConfigurationPlatforms) = postSolution
		{9C0D2877-B8F3-4D84-BD4C-E89173EBDD96}.Debug|Any CPU.ActiveCfg = Debug|Any CPU
		{9C0D2877-B8F3-4D84-BD4C-E89173EBDD96}.Debug|Any CPU.Build.0 = Debug|Any CPU
		{9C0D2877-B8F3-4D84-BD4C-E89173EBDD96}.Debug|x64.ActiveCfg = Debug|Any CPU
		{9C0D2877-B8F3-4D84-BD4C-E89173EBDD96}.Debug|x64.Build.0 = Debug|Any CPU
		{9C0D2877-B8F3-4D84-BD4C-E89173EBDD96}.Debug|x86.ActiveCfg = Debug|Any CPU
		{9C0D2877-B8F3-4D84-BD4C-E89173EBDD96}.Debug|x86.Build.0 = Debug|Any CPU
		{9C0D2877-B8F3-4D84-BD4C-E89173EBDD96}.Release|Any CPU.ActiveCfg = Release|Any CPU
		{9C0D2877-B8F3-4D84-BD4C-E89173EBDD96}.Release|Any CPU.Build.0 = Release|Any CPU
		{9C0D2877-B8F3-4D84-BD4C-E89173EBDD96}.Release|x64.ActiveCfg = Release|Any CPU
		{9C0D2877-B8F3-4D84-BD4C-E89173EBDD96}.Release|x64.Build.0 = Release|Any CPU
		{9C0D2877-B8F3-4D84-BD4C-E89173EBDD96}.Release|x86.ActiveCfg = Release|Any CPU
		{9C0D2877-B8F3-4D84-BD4C-E89173EBDD96}.Release|x86.Build.0 = Release|Any CPU
		{74428450-9146-4434-B34F-D9D3213D7B0E}.Debug|Any CPU.ActiveCfg = Debug|Any CPU
		{74428450-9146-4434-B34F-D9D3213D7B0E}.Debug|Any CPU.Build.0 = Debug|Any CPU
		{74428450-9146-4434-B34F-D9D3213D7B0E}.Debug|x64.ActiveCfg = Debug|Any CPU
		{74428450-9146-4434-B34F-D9D3213D7B0E}.Debug|x64.Build.0 = Debug|Any CPU
		{74428450-9146-4434-B34F-D9D3213D7B0E}.Debug|x86.ActiveCfg = Debug|Any CPU
		{74428450-9146-4434-B34F-D9D3213D7B0E}.Debug|x86.Build.0 = Debug|Any CPU
		{74428450-9146-4434-B34F-D9D3213D7B0E}.Release|Any CPU.ActiveCfg = Release|Any CPU
		{74428450-9146-4434-B34F-D9D3213D7B0E}.Release|Any CPU.Build.0 = Release|Any CPU
		{74428450-9146-4434-B34F-D9D3213D7B0E}.Release|x64.ActiveCfg = Release|Any CPU
		{74428450-9146-4434-B34F-D9D3213D7B0E}.Release|x64.Build.0 = Release|Any CPU
		{74428450-9146-4434-B34F-D9D3213D7B0E}.Release|x86.ActiveCfg = Release|Any CPU
		{74428450-9146-4434-B34F-D9D3213D7B0E}.Release|x86.Build.0 = Release|Any CPU
		{89525D3B-F639-4C0B-8CFF-F55A0C52D344}.Debug|Any CPU.ActiveCfg = Debug|Any CPU
		{89525D3B-F639-4C0B-8CFF-F55A0C52D344}.Debug|Any CPU.Build.0 = Debug|Any CPU
		{89525D3B-F639-4C0B-8CFF-F55A0C52D344}.Debug|x64.ActiveCfg = Debug|Any CPU
		{89525D3B-F639-4C0B-8CFF-F55A0C52D344}.Debug|x64.Build.0 = Debug|Any CPU
		{89525D3B-F639-4C0B-8CFF-F55A0C52D344}.Debug|x86.ActiveCfg = Debug|Any CPU
		{89525D3B-F639-4C0B-8CFF-F55A0C52D344}.Debug|x86.Build.0 = Debug|Any CPU
		{89525D3B-F639-4C0B-8CFF-F55A0C52D344}.Release|Any CPU.ActiveCfg = Release|Any CPU
		{89525D3B-F639-4C0B-8CFF-F55A0C52D344}.Release|Any CPU.Build.0 = Release|Any CPU
		{89525D3B-F639-4C0B-8CFF-F55A0C52D344}.Release|x64.ActiveCfg = Release|Any CPU
		{89525D3B-F639-4C0B-8CFF-F55A0C52D344}.Release|x64.Build.0 = Release|Any CPU
		{89525D3B-F639-4C0B-8CFF-F55A0C52D344}.Release|x86.ActiveCfg = Release|Any CPU
		{89525D3B-F639-4C0B-8CFF-F55A0C52D344}.Release|x86.Build.0 = Release|Any CPU
		{3AAB8CC5-156D-4738-93D3-625BAA9D2ABD}.Debug|Any CPU.ActiveCfg = Debug|Any CPU
		{3AAB8CC5-156D-4738-93D3-625BAA9D2ABD}.Debug|Any CPU.Build.0 = Debug|Any CPU
		{3AAB8CC5-156D-4738-93D3-625BAA9D2ABD}.Debug|x64.ActiveCfg = Debug|Any CPU
		{3AAB8CC5-156D-4738-93D3-625BAA9D2ABD}.Debug|x64.Build.0 = Debug|Any CPU
		{3AAB8CC5-156D-4738-93D3-625BAA9D2ABD}.Debug|x86.ActiveCfg = Debug|Any CPU
		{3AAB8CC5-156D-4738-93D3-625BAA9D2ABD}.Debug|x86.Build.0 = Debug|Any CPU
		{3AAB8CC5-156D-4738-93D3-625BAA9D2ABD}.Release|Any CPU.ActiveCfg = Release|Any CPU
		{3AAB8CC5-156D-4738-93D3-625BAA9D2ABD}.Release|Any CPU.Build.0 = Release|Any CPU
		{3AAB8CC5-156D-4738-93D3-625BAA9D2ABD}.Release|x64.ActiveCfg = Release|Any CPU
		{3AAB8CC5-156D-4738-93D3-625BAA9D2ABD}.Release|x64.Build.0 = Release|Any CPU
		{3AAB8CC5-156D-4738-93D3-625BAA9D2ABD}.Release|x86.ActiveCfg = Release|Any CPU
		{3AAB8CC5-156D-4738-93D3-625BAA9D2ABD}.Release|x86.Build.0 = Release|Any CPU
		{254E398D-F7F5-4B2A-9024-5C121EA6C564}.Debug|x64.ActiveCfg = Debug|Any CPU
		{254E398D-F7F5-4B2A-9024-5C121EA6C564}.Debug|x64.Build.0 = Debug|Any CPU
		{254E398D-F7F5-4B2A-9024-5C121EA6C564}.Debug|x86.ActiveCfg = Debug|Any CPU
		{254E398D-F7F5-4B2A-9024-5C121EA6C564}.Debug|x86.Build.0 = Debug|Any CPU
		{254E398D-F7F5-4B2A-9024-5C121EA6C564}.Release|x64.ActiveCfg = Release|Any CPU
		{254E398D-F7F5-4B2A-9024-5C121EA6C564}.Release|x64.Build.0 = Release|Any CPU
		{254E398D-F7F5-4B2A-9024-5C121EA6C564}.Release|x86.ActiveCfg = Release|Any CPU
		{254E398D-F7F5-4B2A-9024-5C121EA6C564}.Release|x86.Build.0 = Release|Any CPU
		{96432C2D-0F1D-4B69-97CB-9F54C1873C1E}.Debug|Any CPU.ActiveCfg = Debug|Any CPU
		{96432C2D-0F1D-4B69-97CB-9F54C1873C1E}.Debug|x64.ActiveCfg = Debug|Any CPU
		{96432C2D-0F1D-4B69-97CB-9F54C1873C1E}.Debug|x64.Build.0 = Debug|Any CPU
		{96432C2D-0F1D-4B69-97CB-9F54C1873C1E}.Debug|x86.ActiveCfg = Debug|Any CPU
		{96432C2D-0F1D-4B69-97CB-9F54C1873C1E}.Debug|x86.Build.0 = Debug|Any CPU
		{96432C2D-0F1D-4B69-97CB-9F54C1873C1E}.Release|Any CPU.ActiveCfg = Release|Any CPU
		{96432C2D-0F1D-4B69-97CB-9F54C1873C1E}.Release|x64.ActiveCfg = Release|Any CPU
		{96432C2D-0F1D-4B69-97CB-9F54C1873C1E}.Release|x64.Build.0 = Release|Any CPU
		{96432C2D-0F1D-4B69-97CB-9F54C1873C1E}.Release|x86.ActiveCfg = Release|Any CPU
		{96432C2D-0F1D-4B69-97CB-9F54C1873C1E}.Release|x86.Build.0 = Release|Any CPU
	EndGlobalSection
	GlobalSection(SolutionProperties) = preSolution
		HideSolutionNode = FALSE
	EndGlobalSection
	GlobalSection(ExtensibilityGlobals) = postSolution
		SolutionGuid = {DEACF1C2-28EE-44DF-B55E-2234F6137272}
	EndGlobalSection
EndGlobal
